
Microsoft Visual Studio Solution File, Format Version 12.00
# Visual Studio Version 16
VisualStudioVersion = 16.0.30804.86
MinimumVisualStudioVersion = 10.0.40219.1
Project("{FAE04EC0-301F-11D3-BF4B-00C04F79EFBC}") = "Bankkonton", "Bankkonton\Bankkonton.csproj", "{11487AD8-4817-405C-8C86-7F0ED52C10BA}"
EndProject
Global
	GlobalSection(SolutionConfigurationPlatforms) = preSolution
		Debug|Any CPU = Debug|Any CPU
		Release|Any CPU = Release|Any CPU
	EndGlobalSection
	GlobalSection(ProjectConfigurationPlatforms) = postSolution
		{11487AD8-4817-405C-8C86-7F0ED52C10BA}.Debug|Any CPU.ActiveCfg = Debug|Any CPU
		{11487AD8-4817-405C-8C86-7F0ED52C10BA}.Debug|Any CPU.Build.0 = Debug|Any CPU
		{11487AD8-4817-405C-8C86-7F0ED52C10BA}.Release|Any CPU.ActiveCfg = Release|Any CPU
		{11487AD8-4817-405C-8C86-7F0ED52C10BA}.Release|Any CPU.Build.0 = Release|Any CPU
	EndGlobalSection
	GlobalSection(SolutionProperties) = preSolution
		HideSolutionNode = FALSE
	EndGlobalSection
	GlobalSection(ExtensibilityGlobals) = postSolution
		SolutionGuid = {C3F6EAA2-C0C1-42FD-A7D0-47704F2A4293}
	EndGlobalSection
EndGlobal
